Microsoft Visual Studio Solution File, Format Version 11.00
# Visual Studio 2008

Project("{D4275476-43CA-DB87-923D-74D6D09C68AE}") = "Fluid Wind", "Assembly-CSharp.csproj", "{CAEC561B-372B-3388-A982-CD9BDA9E8CE6}"
EndProject
Global
	GlobalSection(SolutionConfigurationPlatforms) = preSolution
		Debug|Any CPU = Debug|Any CPU
		Release|Any CPU = Release|Any CPU
	EndGlobalSection
	GlobalSection(ProjectConfigurationPlatforms) = postSolution
		{CAEC561B-372B-3388-A982-CD9BDA9E8CE6}.Debug|Any CPU.ActiveCfg = Debug|Any CPU
		{CAEC561B-372B-3388-A982-CD9BDA9E8CE6}.Debug|Any CPU.Build.0 = Debug|Any CPU
		{CAEC561B-372B-3388-A982-CD9BDA9E8CE6}.Release|Any CPU.ActiveCfg = Release|Any CPU
		{CAEC561B-372B-3388-A982-CD9BDA9E8CE6}.Release|Any CPU.Build.0 = Release|Any CPU
	EndGlobalSection
	GlobalSection(SolutionProperties) = preSolution
		HideSolutionNode = FALSE
	EndGlobalSection
	GlobalSection(MonoDevelopProperties) = preSolution
		StartupItem = Assembly-CSharp.csproj
	EndGlobalSection
EndGlobal
